
Microsoft Visual Studio Solution File, Format Version 12.00
# Visual Studio Version 17
VisualStudioVersion = 17.8.34330.188
MinimumVisualStudioVersion = 10.0.40219.1
Project("{8BC9CEB8-8B4A-11D0-8D11-00A0C91BC942}") = "ControleStructures", "ControleStructures\ControleStructures.vcxproj", "{F2165508-8F0E-4D1D-B46A-B77A4CB6F925}"
EndProject
Project("{8BC9CEB8-8B4A-11D0-8D11-00A0C91BC942}") = "HomeWork13.12.23", "HomeWork13.12.23\HomeWork13.12.23.vcxproj", "{56899DC7-350E-4459-B1AB-4FEADEADE56C}"
EndProject
Project("{8BC9CEB8-8B4A-11D0-8D11-00A0C91BC942}") = "Calc", "Calc\Calc.vcxproj", "{00294F28-CFFF-4F1F-8FC0-867CF5CBE35A}"
EndProject
Project("{8BC9CEB8-8B4A-11D0-8D11-00A0C91BC942}") = "Loops", "Loops\Loops.vcxproj", "{B96F6E80-D4BA-4670-843C-128A29EA9DA2}"
EndProject
Project("{8BC9CEB8-8B4A-11D0-8D11-00A0C91BC942}") = "HomeWork20.12.23", "HomeWork20.12.23\HomeWork20.12.23.vcxproj", "{16FBD5DD-7A13-4B22-A16A-CABF1995F79E}"
EndProject
Project("{8BC9CEB8-8B4A-11D0-8D11-00A0C91BC942}") = "HomeWork25.12.23", "HomeWork25.12.23\HomeWork25.12.23.vcxproj", "{9C5C43EE-7234-44B2-AAD2-ED73F3D3C737}"
EndProject
Project("{8BC9CEB8-8B4A-11D0-8D11-00A0C91BC942}") = "HomeWork27.12.23", "HomeWork27.12.23\HomeWork27.12.23.vcxproj", "{76A50A10-C5DB-45D1-A749-E0C0FFF1C3DF}"
EndProject
Project("{8BC9CEB8-8B4A-11D0-8D11-00A0C91BC942}") = "FOR", "FOR\FOR.vcxproj", "{4BA9EAD6-1CE9-4CE7-BE72-E8D599AF6079}"
EndProject
Project("{8BC9CEB8-8B4A-11D0-8D11-00A0C91BC942}") = "HomeWork10.01.25", "HomeWork10.01.25\HomeWork10.01.25.vcxproj", "{FADF8096-D75D-442E-BD72-126D2C510326}"
EndProject
Project("{8BC9CEB8-8B4A-11D0-8D11-00A0C91BC942}") = "Geometry", "Geometry\Geometry.vcxproj", "{D8ABF7AE-599D-43A8-887A-37B30A6ABBF3}"
EndProject
Project("{8BC9CEB8-8B4A-11D0-8D11-00A0C91BC942}") = "HomeWork22.01.24", "HomeWork22.01.24\HomeWork22.01.24.vcxproj", "{13370179-1F19-4229-A491-4C7AAFE61755}"
EndProject
Project("{8BC9CEB8-8B4A-11D0-8D11-00A0C91BC942}") = "Chess", "Chess\Chess.vcxproj", "{6D915356-5AF9-46FE-A021-D5FDF99A0B1C}"
EndProject
Project("{8BC9CEB8-8B4A-11D0-8D11-00A0C91BC942}") = "PobiteOperators", "PobiteOperators\PobiteOperators.vcxproj", "{B2D685DA-9ADC-469A-8A22-635378E4ADEE}"
EndProject
Global
	GlobalSection(SolutionConfigurationPlatforms) = preSolution
		Debug|x64 = Debug|x64
		Debug|x86 = Debug|x86
		Release|x64 = Release|x64
		Release|x86 = Release|x86
	EndGlobalSection
	GlobalSection(ProjectConfigurationPlatforms) = postSolution
		{F2165508-8F0E-4D1D-B46A-B77A4CB6F925}.Debug|x64.ActiveCfg = Debug|x64
		{F2165508-8F0E-4D1D-B46A-B77A4CB6F925}.Debug|x64.Build.0 = Debug|x64
		{F2165508-8F0E-4D1D-B46A-B77A4CB6F925}.Debug|x86.ActiveCfg = Debug|Win32
		{F2165508-8F0E-4D1D-B46A-B77A4CB6F925}.Debug|x86.Build.0 = Debug|Win32
		{F2165508-8F0E-4D1D-B46A-B77A4CB6F925}.Release|x64.ActiveCfg = Release|x64
		{F2165508-8F0E-4D1D-B46A-B77A4CB6F925}.Release|x64.Build.0 = Release|x64
		{F2165508-8F0E-4D1D-B46A-B77A4CB6F925}.Release|x86.ActiveCfg = Release|Win32
		{F2165508-8F0E-4D1D-B46A-B77A4CB6F925}.Release|x86.Build.0 = Release|Win32
		{56899DC7-350E-4459-B1AB-4FEADEADE56C}.Debug|x64.ActiveCfg = Debug|x64
		{56899DC7-350E-4459-B1AB-4FEADEADE56C}.Debug|x64.Build.0 = Debug|x64
		{56899DC7-350E-4459-B1AB-4FEADEADE56C}.Debug|x86.ActiveCfg = Debug|Win32
		{56899DC7-350E-4459-B1AB-4FEADEADE56C}.Debug|x86.Build.0 = Debug|Win32
		{56899DC7-350E-4459-B1AB-4FEADEADE56C}.Release|x64.ActiveCfg = Release|x64
		{56899DC7-350E-4459-B1AB-4FEADEADE56C}.Release|x64.Build.0 = Release|x64
		{56899DC7-350E-4459-B1AB-4FEADEADE56C}.Release|x86.ActiveCfg = Release|Win32
		{56899DC7-350E-4459-B1AB-4FEADEADE56C}.Release|x86.Build.0 = Release|Win32
		{00294F28-CFFF-4F1F-8FC0-867CF5CBE35A}.Debug|x64.ActiveCfg = Debug|x64
		{00294F28-CFFF-4F1F-8FC0-867CF5CBE35A}.Debug|x64.Build.0 = Debug|x64
		{00294F28-CFFF-4F1F-8FC0-867CF5CBE35A}.Debug|x86.ActiveCfg = Debug|Win32
		{00294F28-CFFF-4F1F-8FC0-867CF5CBE35A}.Debug|x86.Build.0 = Debug|Win32
		{00294F28-CFFF-4F1F-8FC0-867CF5CBE35A}.Release|x64.ActiveCfg = Release|x64
		{00294F28-CFFF-4F1F-8FC0-867CF5CBE35A}.Release|x64.Build.0 = Release|x64
		{00294F28-CFFF-4F1F-8FC0-867CF5CBE35A}.Release|x86.ActiveCfg = Release|Win32
		{00294F28-CFFF-4F1F-8FC0-867CF5CBE35A}.Release|x86.Build.0 = Release|Win32
		{B96F6E80-D4BA-4670-843C-128A29EA9DA2}.Debug|x64.ActiveCfg = Debug|x64
		{B96F6E80-D4BA-4670-843C-128A29EA9DA2}.Debug|x64.Build.0 = Debug|x64
		{B96F6E80-D4BA-4670-843C-128A29EA9DA2}.Debug|x86.ActiveCfg = Debug|Win32
		{B96F6E80-D4BA-4670-843C-128A29EA9DA2}.Debug|x86.Build.0 = Debug|Win32
		{B96F6E80-D4BA-4670-843C-128A29EA9DA2}.Release|x64.ActiveCfg = Release|x64
		{B96F6E80-D4BA-4670-843C-128A29EA9DA2}.Release|x64.Build.0 = Release|x64
		{B96F6E80-D4BA-4670-843C-128A29EA9DA2}.Release|x86.ActiveCfg = Release|Win32
		{B96F6E80-D4BA-4670-843C-128A29EA9DA2}.Release|x86.Build.0 = Release|Win32
		{16FBD5DD-7A13-4B22-A16A-CABF1995F79E}.Debug|x64.ActiveCfg = Debug|x64
		{16FBD5DD-7A13-4B22-A16A-CABF1995F79E}.Debug|x64.Build.0 = Debug|x64
		{16FBD5DD-7A13-4B22-A16A-CABF1995F79E}.Debug|x86.ActiveCfg = Debug|Win32
		{16FBD5DD-7A13-4B22-A16A-CABF1995F79E}.Debug|x86.Build.0 = Debug|Win32
		{16FBD5DD-7A13-4B22-A16A-CABF1995F79E}.Release|x64.ActiveCfg = Release|x64
		{16FBD5DD-7A13-4B22-A16A-CABF1995F79E}.Release|x64.Build.0 = Release|x64
		{16FBD5DD-7A13-4B22-A16A-CABF1995F79E}.Release|x86.ActiveCfg = Release|Win32
		{16FBD5DD-7A13-4B22-A16A-CABF1995F79E}.Release|x86.Build.0 = Release|Win32
		{9C5C43EE-7234-44B2-AAD2-ED73F3D3C737}.Debug|x64.ActiveCfg = Debug|x64
		{9C5C43EE-7234-44B2-AAD2-ED73F3D3C737}.Debug|x64.Build.0 = Debug|x64
		{9C5C43EE-7234-44B2-AAD2-ED73F3D3C737}.Debug|x86.ActiveCfg = Debug|Win32
		{9C5C43EE-7234-44B2-AAD2-ED73F3D3C737}.Debug|x86.Build.0 = Debug|Win32
		{9C5C43EE-7234-44B2-AAD2-ED73F3D3C737}.Release|x64.ActiveCfg = Release|x64
		{9C5C43EE-7234-44B2-AAD2-ED73F3D3C737}.Release|x64.Build.0 = Release|x64
		{9C5C43EE-7234-44B2-AAD2-ED73F3D3C737}.Release|x86.ActiveCfg = Release|Win32
		{9C5C43EE-7234-44B2-AAD2-ED73F3D3C737}.Release|x86.Build.0 = Release|Win32
		{76A50A10-C5DB-45D1-A749-E0C0FFF1C3DF}.Debug|x64.ActiveCfg = Debug|x64
		{76A50A10-C5DB-45D1-A749-E0C0FFF1C3DF}.Debug|x64.Build.0 = Debug|x64
		{76A50A10-C5DB-45D1-A749-E0C0FFF1C3DF}.Debug|x86.ActiveCfg = Debug|Win32
		{76A50A10-C5DB-45D1-A749-E0C0FFF1C3DF}.Debug|x86.Build.0 = Debug|Win32
		{76A50A10-C5DB-45D1-A749-E0C0FFF1C3DF}.Release|x64.ActiveCfg = Release|x64
		{76A50A10-C5DB-45D1-A749-E0C0FFF1C3DF}.Release|x64.Build.0 = Release|x64
		{76A50A10-C5DB-45D1-A749-E0C0FFF1C3DF}.Release|x86.ActiveCfg = Release|Win32
		{76A50A10-C5DB-45D1-A749-E0C0FFF1C3DF}.Release|x86.Build.0 = Release|Win32
		{4BA9EAD6-1CE9-4CE7-BE72-E8D599AF6079}.Debug|x64.ActiveCfg = Debug|x64
		{4BA9EAD6-1CE9-4CE7-BE72-E8D599AF6079}.Debug|x64.Build.0 = Debug|x64
		{4BA9EAD6-1CE9-4CE7-BE72-E8D599AF6079}.Debug|x86.ActiveCfg = Debug|Win32
		{4BA9EAD6-1CE9-4CE7-BE72-E8D599AF6079}.Debug|x86.Build.0 = Debug|Win32
		{4BA9EAD6-1CE9-4CE7-BE72-E8D599AF6079}.Release|x64.ActiveCfg = Release|x64
		{4BA9EAD6-1CE9-4CE7-BE72-E8D599AF6079}.Release|x64.Build.0 = Release|x64
		{4BA9EAD6-1CE9-4CE7-BE72-E8D599AF6079}.Release|x86.ActiveCfg = Release|Win32
		{4BA9EAD6-1CE9-4CE7-BE72-E8D599AF6079}.Release|x86.Build.0 = Release|Win32
		{FADF8096-D75D-442E-BD72-126D2C510326}.Debug|x64.ActiveCfg = Debug|x64
		{FADF8096-D75D-442E-BD72-126D2C510326}.Debug|x64.Build.0 = Debug|x64
		{FADF8096-D75D-442E-BD72-126D2C510326}.Debug|x86.ActiveCfg = Debug|Win32
		{FADF8096-D75D-442E-BD72-126D2C510326}.Debug|x86.Build.0 = Debug|Win32
		{FADF8096-D75D-442E-BD72-126D2C510326}.Release|x64.ActiveCfg = Release|x64
		{FADF8096-D75D-442E-BD72-126D2C510326}.Release|x64.Build.0 = Release|x64
		{FADF8096-D75D-442E-BD72-126D2C510326}.Release|x86.ActiveCfg = Release|Win32
		{FADF8096-D75D-442E-BD72-126D2C510326}.Release|x86.Build.0 = Release|Win32
		{D8ABF7AE-599D-43A8-887A-37B30A6ABBF3}.Debug|x64.ActiveCfg = Debug|x64
		{D8ABF7AE-599D-43A8-887A-37B30A6ABBF3}.Debug|x64.Build.0 = Debug|x64
		{D8ABF7AE-599D-43A8-887A-37B30A6ABBF3}.Debug|x86.ActiveCfg = Debug|Win32
		{D8ABF7AE-599D-43A8-887A-37B30A6ABBF3}.Debug|x86.Build.0 = Debug|Win32
		{D8ABF7AE-599D-43A8-887A-37B30A6ABBF3}.Release|x64.ActiveCfg = Release|x64
		{D8ABF7AE-599D-43A8-887A-37B30A6ABBF3}.Release|x64.Build.0 = Release|x64
		{D8ABF7AE-599D-43A8-887A-37B30A6ABBF3}.Release|x86.ActiveCfg = Release|Win32
		{D8ABF7AE-599D-43A8-887A-37B30A6ABBF3}.Release|x86.Build.0 = Release|Win32
		{13370179-1F19-4229-A491-4C7AAFE61755}.Debug|x64.ActiveCfg = Debug|x64
		{13370179-1F19-4229-A491-4C7AAFE61755}.Debug|x64.Build.0 = Debug|x64
		{13370179-1F19-4229-A491-4C7AAFE61755}.Debug|x86.ActiveCfg = Debug|Win32
		{13370179-1F19-4229-A491-4C7AAFE61755}.Debug|x86.Build.0 = Debug|Win32
		{13370179-1F19-4229-A491-4C7AAFE61755}.Release|x64.ActiveCfg = Release|x64
		{13370179-1F19-4229-A491-4C7AAFE61755}.Release|x64.Build.0 = Release|x64
		{13370179-1F19-4229-A491-4C7AAFE61755}.Release|x86.ActiveCfg = Release|Win32
		{13370179-1F19-4229-A491-4C7AAFE61755}.Release|x86.Build.0 = Release|Win32
		{6D915356-5AF9-46FE-A021-D5FDF99A0B1C}.Debug|x64.ActiveCfg = Debug|x64
		{6D915356-5AF9-46FE-A021-D5FDF99A0B1C}.Debug|x64.Build.0 = Debug|x64
		{6D915356-5AF9-46FE-A021-D5FDF99A0B1C}.Debug|x86.ActiveCfg = Debug|Win32
		{6D915356-5AF9-46FE-A021-D5FDF99A0B1C}.Debug|x86.Build.0 = Debug|Win32
		{6D915356-5AF9-46FE-A021-D5FDF99A0B1C}.Release|x64.ActiveCfg = Release|x64
		{6D915356-5AF9-46FE-A021-D5FDF99A0B1C}.Release|x64.Build.0 = Release|x64
		{6D915356-5AF9-46FE-A021-D5FDF99A0B1C}.Release|x86.ActiveCfg = Release|Win32
		{6D915356-5AF9-46FE-A021-D5FDF99A0B1C}.Release|x86.Build.0 = Release|Win32
		{B2D685DA-9ADC-469A-8A22-635378E4ADEE}.Debug|x64.ActiveCfg = Debug|x64
		{B2D685DA-9ADC-469A-8A22-635378E4ADEE}.Debug|x64.Build.0 = Debug|x64
		{B2D685DA-9ADC-469A-8A22-635378E4ADEE}.Debug|x86.ActiveCfg = Debug|Win32
		{B2D685DA-9ADC-469A-8A22-635378E4ADEE}.Debug|x86.Build.0 = Debug|Win32
		{B2D685DA-9ADC-469A-8A22-635378E4ADEE}.Release|x64.ActiveCfg = Release|x64
		{B2D685DA-9ADC-469A-8A22-635378E4ADEE}.Release|x64.Build.0 = Release|x64
		{B2D685DA-9ADC-469A-8A22-635378E4ADEE}.Release|x86.ActiveCfg = Release|Win32
		{B2D685DA-9ADC-469A-8A22-635378E4ADEE}.Release|x86.Build.0 = Release|Win32
	EndGlobalSection
	GlobalSection(SolutionProperties) = preSolution
		HideSolutionNode = FALSE
	EndGlobalSection
	GlobalSection(ExtensibilityGlobals) = postSolution
		SolutionGuid = {CE323B75-9B4F-4F8D-99C9-CE1D4DE26475}
	EndGlobalSection
EndGlobal
